// !$*UTF8*$!
{
	archiveVersion = 1;
	classes = {
	};
	objectVersion = 56;
	objects = {

/* Begin PBXBuildFile section */
		180376C82975C86A00200B3A /* KeyboardViewController.swift in Sources */ = {isa = PBXBuildFile; fileRef = 180376C72975C86A00200B3A /* KeyboardViewController.swift */; };
		180376CC2975C86A00200B3A /* eulerkeyboard.appex in Embed Foundation Extensions */ = {isa = PBXBuildFile; fileRef = 180376C52975C86A00200B3A /* eulerkeyboard.appex */; settings = {ATTRIBUTES = (RemoveHeadersOnCopy, ); }; };
		180E18272999C2610075047E /* EulerAutocompleteProvider.swift in Sources */ = {isa = PBXBuildFile; fileRef = 180E18262999C2610075047E /* EulerAutocompleteProvider.swift */; };
		181FB20C2978CEB30016F3F7 /* EulerInputSetProvider.swift in Sources */ = {isa = PBXBuildFile; fileRef = 181FB20B2978CEB30016F3F7 /* EulerInputSetProvider.swift */; };
		181FB20E2978CFDD0016F3F7 /* EulerCalloutActionProvider.swift in Sources */ = {isa = PBXBuildFile; fileRef = 181FB20D2978CFDD0016F3F7 /* EulerCalloutActionProvider.swift */; };
		181FB2102978E0F70016F3F7 /* EulerKeyboardAppearance.swift in Sources */ = {isa = PBXBuildFile; fileRef = 181FB20F2978E0F70016F3F7 /* EulerKeyboardAppearance.swift */; };
		183A35EB297DBAE300856219 /* EulerEmojiCategory.swift in Sources */ = {isa = PBXBuildFile; fileRef = 183A35EA297DBAE300856219 /* EulerEmojiCategory.swift */; };
		183C16E629A1398600E9BE8D /* Input.swift in Sources */ = {isa = PBXBuildFile; fileRef = 18C222422980B6E00069ACB6 /* Input.swift */; };
		183C16E829A139A300E9BE8D /* Symbol.swift in Sources */ = {isa = PBXBuildFile; fileRef = 183C16E729A139A300E9BE8D /* Symbol.swift */; };
		183C16E929A139A300E9BE8D /* Symbol.swift in Sources */ = {isa = PBXBuildFile; fileRef = 183C16E729A139A300E9BE8D /* Symbol.swift */; };
		1843ED78299A989500491E37 /* EulerKeyboardLayoutProvider.swift in Sources */ = {isa = PBXBuildFile; fileRef = 1843ED77299A989500491E37 /* EulerKeyboardLayoutProvider.swift */; };
		185523EA29916C3600560175 /* EulerEmojiKeyboard.swift in Sources */ = {isa = PBXBuildFile; fileRef = 185523E929916C3600560175 /* EulerEmojiKeyboard.swift */; };
		1864AAE8297DABE20072F02F /* EulerEmojiCategoryKeyboard.swift in Sources */ = {isa = PBXBuildFile; fileRef = 1864AAE7297DABE20072F02F /* EulerEmojiCategoryKeyboard.swift */; };
		1874F1E9299561660075D6C2 /* EulerKeyboardBehaviour.swift in Sources */ = {isa = PBXBuildFile; fileRef = 1874F1E8299561660075D6C2 /* EulerKeyboardBehaviour.swift */; };
		188F7C2329804A81006072E7 /* EulerEmojiKeyboardMenuView.swift in Sources */ = {isa = PBXBuildFile; fileRef = 188F7C2229804A81006072E7 /* EulerEmojiKeyboardMenuView.swift */; };
		189630722975C7EF004055AB /* eulerappApp.swift in Sources */ = {isa = PBXBuildFile; fileRef = 189630712975C7EF004055AB /* eulerappApp.swift */; };
		189630742975C7EF004055AB /* ContentView.swift in Sources */ = {isa = PBXBuildFile; fileRef = 189630732975C7EF004055AB /* ContentView.swift */; };
		189630762975C7F0004055AB /* Assets.xcassets in Resources */ = {isa = PBXBuildFile; fileRef = 189630752975C7F0004055AB /* Assets.xcassets */; };
		189630792975C7F0004055AB /* Preview Assets.xcassets in Resources */ = {isa = PBXBuildFile; fileRef = 189630782975C7F0004055AB /* Preview Assets.xcassets */; };
		18AEC0AF299BDBD500D45172 /* SearchView.swift in Sources */ = {isa = PBXBuildFile; fileRef = 18AEC0AE299BDBD500D45172 /* SearchView.swift */; };
		18AEC0B3299BDD2000D45172 /* AboutView.swift in Sources */ = {isa = PBXBuildFile; fileRef = 18AEC0B2299BDD2000D45172 /* AboutView.swift */; };
		18AEC0B7299BE10600D45172 /* SearchItemView.swift in Sources */ = {isa = PBXBuildFile; fileRef = 18AEC0B6299BE10600D45172 /* SearchItemView.swift */; };
		18C222432980B6E00069ACB6 /* Input.swift in Sources */ = {isa = PBXBuildFile; fileRef = 18C222422980B6E00069ACB6 /* Input.swift */; };
		18D817BF297619F2003A0711 /* KeyboardKit in Frameworks */ = {isa = PBXBuildFile; productRef = 18D817BE297619F2003A0711 /* KeyboardKit */; };
		18D817C129761AE5003A0711 /* KeyboardView.swift in Sources */ = {isa = PBXBuildFile; fileRef = 18D817C029761AE5003A0711 /* KeyboardView.swift */; };
/* End PBXBuildFile section */

/* Begin PBXContainerItemProxy section */
		180376CA2975C86A00200B3A /* PBXContainerItemProxy */ = {
			isa = PBXContainerItemProxy;
			containerPortal = 189630662975C7EF004055AB /* Project object */;
			proxyType = 1;
			remoteGlobalIDString = 180376C42975C86A00200B3A;
			remoteInfo = textmathkeyboard;
		};
/* End PBXContainerItemProxy section */

/* Begin PBXCopyFilesBuildPhase section */
		180376CD2975C86A00200B3A /* Embed Foundation Extensions */ = {
			isa = PBXCopyFilesBuildPhase;
			buildActionMask = 2147483647;
			dstPath = "";
			dstSubfolderSpec = 13;
			files = (
				180376CC2975C86A00200B3A /* eulerkeyboard.appex in Embed Foundation Extensions */,
			);
			name = "Embed Foundation Extensions";
			runOnlyForDeploymentPostprocessing = 0;
		};
/* End PBXCopyFilesBuildPhase section */

/* Begin PBXFileReference section */
		180376C52975C86A00200B3A /* eulerkeyboard.appex */ = {isa = PBXFileReference; explicitFileType = "wrapper.app-extension"; includeInIndex = 0; path = eulerkeyboard.appex; sourceTree = BUILT_PRODUCTS_DIR; };
		180376C72975C86A00200B3A /* KeyboardViewController.swift */ = {isa = PBXFileReference; lastKnownFileType = sourcecode.swift; path = KeyboardViewController.swift; sourceTree = "<group>"; };
		180376C92975C86A00200B3A /* Info.plist */ = {isa = PBXFileReference; lastKnownFileType = text.plist.xml; path = Info.plist; sourceTree = "<group>"; };
		180E18262999C2610075047E /* EulerAutocompleteProvider.swift */ = {isa = PBXFileReference; lastKnownFileType = sourcecode.swift; path = EulerAutocompleteProvider.swift; sourceTree = "<group>"; };
		181FB20B2978CEB30016F3F7 /* EulerInputSetProvider.swift */ = {isa = PBXFileReference; lastKnownFileType = sourcecode.swift; path = EulerInputSetProvider.swift; sourceTree = "<group>"; };
		181FB20D2978CFDD0016F3F7 /* EulerCalloutActionProvider.swift */ = {isa = PBXFileReference; lastKnownFileType = sourcecode.swift; path = EulerCalloutActionProvider.swift; sourceTree = "<group>"; };
		181FB20F2978E0F70016F3F7 /* EulerKeyboardAppearance.swift */ = {isa = PBXFileReference; lastKnownFileType = sourcecode.swift; path = EulerKeyboardAppearance.swift; sourceTree = "<group>"; };
		183A35EA297DBAE300856219 /* EulerEmojiCategory.swift */ = {isa = PBXFileReference; lastKnownFileType = sourcecode.swift; path = EulerEmojiCategory.swift; sourceTree = "<group>"; };
		183C16E729A139A300E9BE8D /* Symbol.swift */ = {isa = PBXFileReference; lastKnownFileType = sourcecode.swift; path = Symbol.swift; sourceTree = "<group>"; };
		1843ED77299A989500491E37 /* EulerKeyboardLayoutProvider.swift */ = {isa = PBXFileReference; lastKnownFileType = sourcecode.swift; path = EulerKeyboardLayoutProvider.swift; sourceTree = "<group>"; };
		185523E929916C3600560175 /* EulerEmojiKeyboard.swift */ = {isa = PBXFileReference; lastKnownFileType = sourcecode.swift; path = EulerEmojiKeyboard.swift; sourceTree = "<group>"; };
		1864AAE7297DABE20072F02F /* EulerEmojiCategoryKeyboard.swift */ = {isa = PBXFileReference; lastKnownFileType = sourcecode.swift; path = EulerEmojiCategoryKeyboard.swift; sourceTree = "<group>"; };
		1874F1E8299561660075D6C2 /* EulerKeyboardBehaviour.swift */ = {isa = PBXFileReference; lastKnownFileType = sourcecode.swift; path = EulerKeyboardBehaviour.swift; sourceTree = "<group>"; };
		188F7C2229804A81006072E7 /* EulerEmojiKeyboardMenuView.swift */ = {isa = PBXFileReference; lastKnownFileType = sourcecode.swift; path = EulerEmojiKeyboardMenuView.swift; sourceTree = "<group>"; };
		1896306E2975C7EF004055AB /* euler.app */ = {isa = PBXFileReference; explicitFileType = wrapper.application; includeInIndex = 0; path = euler.app; sourceTree = BUILT_PRODUCTS_DIR; };
		189630712975C7EF004055AB /* eulerappApp.swift */ = {isa = PBXFileReference; lastKnownFileType = sourcecode.swift; path = eulerappApp.swift; sourceTree = "<group>"; };
		189630732975C7EF004055AB /* ContentView.swift */ = {isa = PBXFileReference; lastKnownFileType = sourcecode.swift; path = ContentView.swift; sourceTree = "<group>"; };
		189630752975C7F0004055AB /* Assets.xcassets */ = {isa = PBXFileReference; lastKnownFileType = folder.assetcatalog; path = Assets.xcassets; sourceTree = "<group>"; };
		189630782975C7F0004055AB /* Preview Assets.xcassets */ = {isa = PBXFileReference; lastKnownFileType = folder.assetcatalog; path = "Preview Assets.xcassets"; sourceTree = "<group>"; };
		18AEC0AE299BDBD500D45172 /* SearchView.swift */ = {isa = PBXFileReference; lastKnownFileType = sourcecode.swift; path = SearchView.swift; sourceTree = "<group>"; };
		18AEC0B2299BDD2000D45172 /* AboutView.swift */ = {isa = PBXFileReference; lastKnownFileType = sourcecode.swift; path = AboutView.swift; sourceTree = "<group>"; };
		18AEC0B6299BE10600D45172 /* SearchItemView.swift */ = {isa = PBXFileReference; lastKnownFileType = sourcecode.swift; path = SearchItemView.swift; sourceTree = "<group>"; };
		18C222422980B6E00069ACB6 /* Input.swift */ = {isa = PBXFileReference; lastKnownFileType = sourcecode.swift; path = Input.swift; sourceTree = "<group>"; };
		18D817C029761AE5003A0711 /* KeyboardView.swift */ = {isa = PBXFileReference; lastKnownFileType = sourcecode.swift; path = KeyboardView.swift; sourceTree = "<group>"; };
/* End PBXFileReference section */

/* Begin PBXFrameworksBuildPhase section */
		180376C22975C86A00200B3A /* Frameworks */ = {
			isa = PBXFrameworksBuildPhase;
			buildActionMask = 2147483647;
			files = (
				18D817BF297619F2003A0711 /* KeyboardKit in Frameworks */,
			);
			runOnlyForDeploymentPostprocessing = 0;
		};
		1896306B2975C7EF004055AB /* Frameworks */ = {
			isa = PBXFrameworksBuildPhase;
			buildActionMask = 2147483647;
			files = (
			);
			runOnlyForDeploymentPostprocessing = 0;
		};
/* End PBXFrameworksBuildPhase section */

/* Begin PBXGroup section */
		180376C62975C86A00200B3A /* eulerkeyboard */ = {
			isa = PBXGroup;
			children = (
				18B044AD299B0288006629C2 /* keyboard */,
				180E18252999C1E60075047E /* autocomplete */,
				188F7C2529804AE8006072E7 /* input */,
				188F7C2429804AAF006072E7 /* emoji */,
				180376C72975C86A00200B3A /* KeyboardViewController.swift */,
				18D817C029761AE5003A0711 /* KeyboardView.swift */,
				180376C92975C86A00200B3A /* Info.plist */,
			);
			path = eulerkeyboard;
			sourceTree = "<group>";
		};
		180E18252999C1E60075047E /* autocomplete */ = {
			isa = PBXGroup;
			children = (
				180E18262999C2610075047E /* EulerAutocompleteProvider.swift */,
			);
			path = autocomplete;
			sourceTree = "<group>";
		};
		188F7C2429804AAF006072E7 /* emoji */ = {
			isa = PBXGroup;
			children = (
				1864AAE7297DABE20072F02F /* EulerEmojiCategoryKeyboard.swift */,
				188F7C2229804A81006072E7 /* EulerEmojiKeyboardMenuView.swift */,
				183A35EA297DBAE300856219 /* EulerEmojiCategory.swift */,
				185523E929916C3600560175 /* EulerEmojiKeyboard.swift */,
			);
			path = emoji;
			sourceTree = "<group>";
		};
		188F7C2529804AE8006072E7 /* input */ = {
			isa = PBXGroup;
			children = (
				181FB20D2978CFDD0016F3F7 /* EulerCalloutActionProvider.swift */,
				181FB20B2978CEB30016F3F7 /* EulerInputSetProvider.swift */,
				18C222422980B6E00069ACB6 /* Input.swift */,
				183C16E729A139A300E9BE8D /* Symbol.swift */,
			);
			path = input;
			sourceTree = "<group>";
		};
		189630652975C7EF004055AB = {
			isa = PBXGroup;
			children = (
				189630702975C7EF004055AB /* eulerapp */,
				180376C62975C86A00200B3A /* eulerkeyboard */,
				1896306F2975C7EF004055AB /* Products */,
			);
			sourceTree = "<group>";
		};
		1896306F2975C7EF004055AB /* Products */ = {
			isa = PBXGroup;
			children = (
				1896306E2975C7EF004055AB /* euler.app */,
				180376C52975C86A00200B3A /* eulerkeyboard.appex */,
			);
			name = Products;
			sourceTree = "<group>";
		};
		189630702975C7EF004055AB /* eulerapp */ = {
			isa = PBXGroup;
			children = (
				18AEC0B5299BE0DA00D45172 /* about */,
				18AEC0B4299BE0C700D45172 /* search */,
				189630712975C7EF004055AB /* eulerappApp.swift */,
				189630732975C7EF004055AB /* ContentView.swift */,
				189630752975C7F0004055AB /* Assets.xcassets */,
				189630772975C7F0004055AB /* Preview Content */,
			);
			path = eulerapp;
			sourceTree = "<group>";
		};
		189630772975C7F0004055AB /* Preview Content */ = {
			isa = PBXGroup;
			children = (
				189630782975C7F0004055AB /* Preview Assets.xcassets */,
			);
			path = "Preview Content";
			sourceTree = "<group>";
		};
		18AEC0B4299BE0C700D45172 /* search */ = {
			isa = PBXGroup;
			children = (
				18AEC0AE299BDBD500D45172 /* SearchView.swift */,
				18AEC0B6299BE10600D45172 /* SearchItemView.swift */,
			);
			path = search;
			sourceTree = "<group>";
		};
		18AEC0B5299BE0DA00D45172 /* about */ = {
			isa = PBXGroup;
			children = (
				18AEC0B2299BDD2000D45172 /* AboutView.swift */,
			);
			path = about;
			sourceTree = "<group>";
		};
		18B044AD299B0288006629C2 /* keyboard */ = {
			isa = PBXGroup;
			children = (
				1843ED77299A989500491E37 /* EulerKeyboardLayoutProvider.swift */,
				1874F1E8299561660075D6C2 /* EulerKeyboardBehaviour.swift */,
				181FB20F2978E0F70016F3F7 /* EulerKeyboardAppearance.swift */,
			);
			path = keyboard;
			sourceTree = "<group>";
		};
/* End PBXGroup section */

/* Begin PBXNativeTarget section */
		180376C42975C86A00200B3A /* eulerkeyboard */ = {
			isa = PBXNativeTarget;
			buildConfigurationList = 180376D02975C86A00200B3A /* Build configuration list for PBXNativeTarget "eulerkeyboard" */;
			buildPhases = (
				180376C12975C86A00200B3A /* Sources */,
				180376C22975C86A00200B3A /* Frameworks */,
				180376C32975C86A00200B3A /* Resources */,
			);
			buildRules = (
			);
			dependencies = (
			);
			name = eulerkeyboard;
			packageProductDependencies = (
				18D817BE297619F2003A0711 /* KeyboardKit */,
			);
			productName = textmathkeyboard;
			productReference = 180376C52975C86A00200B3A /* eulerkeyboard.appex */;
			productType = "com.apple.product-type.app-extension";
		};
		1896306D2975C7EF004055AB /* euler */ = {
			isa = PBXNativeTarget;
			buildConfigurationList = 1896307C2975C7F0004055AB /* Build configuration list for PBXNativeTarget "euler" */;
			buildPhases = (
				1896306A2975C7EF004055AB /* Sources */,
				1896306B2975C7EF004055AB /* Frameworks */,
				1896306C2975C7EF004055AB /* Resources */,
				180376CD2975C86A00200B3A /* Embed Foundation Extensions */,
			);
			buildRules = (
			);
			dependencies = (
				180376CB2975C86A00200B3A /* PBXTargetDependency */,
			);
			name = euler;
			packageProductDependencies = (
			);
			productName = textmathapp;
			productReference = 1896306E2975C7EF004055AB /* euler.app */;
			productType = "com.apple.product-type.application";
		};
/* End PBXNativeTarget section */

/* Begin PBXProject section */
		189630662975C7EF004055AB /* Project object */ = {
			isa = PBXProject;
			attributes = {
				BuildIndependentTargetsInParallel = 1;
				LastSwiftUpdateCheck = 1410;
				LastUpgradeCheck = 1410;
				TargetAttributes = {
					180376C42975C86A00200B3A = {
						CreatedOnToolsVersion = 14.1;
					};
					1896306D2975C7EF004055AB = {
						CreatedOnToolsVersion = 14.1;
					};
				};
			};
			buildConfigurationList = 189630692975C7EF004055AB /* Build configuration list for PBXProject "euler" */;
			compatibilityVersion = "Xcode 14.0";
			developmentRegion = en;
			hasScannedForEncodings = 0;
			knownRegions = (
				en,
				Base,
			);
			mainGroup = 189630652975C7EF004055AB;
			packageReferences = (
				18D817BD297619F2003A0711 /* XCRemoteSwiftPackageReference "KeyboardKit" */,
			);
			productRefGroup = 1896306F2975C7EF004055AB /* Products */;
			projectDirPath = "";
			projectRoot = "";
			targets = (
				1896306D2975C7EF004055AB /* euler */,
				180376C42975C86A00200B3A /* eulerkeyboard */,
			);
		};
/* End PBXProject section */

/* Begin PBXResourcesBuildPhase section */
		180376C32975C86A00200B3A /* Resources */ = {
			isa = PBXResourcesBuildPhase;
			buildActionMask = 2147483647;
			files = (
			);
			runOnlyForDeploymentPostprocessing = 0;
		};
		1896306C2975C7EF004055AB /* Resources */ = {
			isa = PBXResourcesBuildPhase;
			buildActionMask = 2147483647;
			files = (
				189630792975C7F0004055AB /* Preview Assets.xcassets in Resources */,
				189630762975C7F0004055AB /* Assets.xcassets in Resources */,
			);
			runOnlyForDeploymentPostprocessing = 0;
		};
/* End PBXResourcesBuildPhase section */

/* Begin PBXSourcesBuildPhase section */
		180376C12975C86A00200B3A /* Sources */ = {
			isa = PBXSourcesBuildPhase;
			buildActionMask = 2147483647;
			files = (
				185523EA29916C3600560175 /* EulerEmojiKeyboard.swift in Sources */,
				180376C82975C86A00200B3A /* KeyboardViewController.swift in Sources */,
				181FB2102978E0F70016F3F7 /* EulerKeyboardAppearance.swift in Sources */,
				1864AAE8297DABE20072F02F /* EulerEmojiCategoryKeyboard.swift in Sources */,
				181FB20C2978CEB30016F3F7 /* EulerInputSetProvider.swift in Sources */,
				180E18272999C2610075047E /* EulerAutocompleteProvider.swift in Sources */,
				183A35EB297DBAE300856219 /* EulerEmojiCategory.swift in Sources */,
				181FB20E2978CFDD0016F3F7 /* EulerCalloutActionProvider.swift in Sources */,
				1874F1E9299561660075D6C2 /* EulerKeyboardBehaviour.swift in Sources */,
				18C222432980B6E00069ACB6 /* Input.swift in Sources */,
				188F7C2329804A81006072E7 /* EulerEmojiKeyboardMenuView.swift in Sources */,
				183C16E929A139A300E9BE8D /* Symbol.swift in Sources */,
				1843ED78299A989500491E37 /* EulerKeyboardLayoutProvider.swift in Sources */,
				18D817C129761AE5003A0711 /* KeyboardView.swift in Sources */,
			);
			runOnlyForDeploymentPostprocessing = 0;
		};
		1896306A2975C7EF004055AB /* Sources */ = {
			isa = PBXSourcesBuildPhase;
			buildActionMask = 2147483647;
			files = (
				183C16E629A1398600E9BE8D /* Input.swift in Sources */,
				18AEC0B3299BDD2000D45172 /* AboutView.swift in Sources */,
				189630742975C7EF004055AB /* ContentView.swift in Sources */,
				18AEC0AF299BDBD500D45172 /* SearchView.swift in Sources */,
				183C16E829A139A300E9BE8D /* Symbol.swift in Sources */,
				18AEC0B7299BE10600D45172 /* SearchItemView.swift in Sources */,
				189630722975C7EF004055AB /* eulerappApp.swift in Sources */,
			);
			runOnlyForDeploymentPostprocessing = 0;
		};
/* End PBXSourcesBuildPhase section */

/* Begin PBXTargetDependency section */
		180376CB2975C86A00200B3A /* PBXTargetDependency */ = {
			isa = PBXTargetDependency;
			target = 180376C42975C86A00200B3A /* eulerkeyboard */;
			targetProxy = 180376CA2975C86A00200B3A /* PBXContainerItemProxy */;
		};
/* End PBXTargetDependency section */

/* Begin XCBuildConfiguration section */
		180376CE2975C86A00200B3A /* Debug */ = {
			isa = XCBuildConfiguration;
			buildSettings = {
				CODE_SIGN_STYLE = Automatic;
				CURRENT_PROJECT_VERSION = 1;
				DEVELOPMENT_TEAM = 75AGNXCF5M;
				GENERATE_INFOPLIST_FILE = YES;
				INFOPLIST_FILE = eulerkeyboard/Info.plist;
				INFOPLIST_KEY_CFBundleDisplayName = euler;
				INFOPLIST_KEY_NSHumanReadableCopyright = "";
				LD_RUNPATH_SEARCH_PATHS = (
					"$(inherited)",
					"@executable_path/Frameworks",
					"@executable_path/../../Frameworks",
				);
				MARKETING_VERSION = 1.0;
				PRODUCT_BUNDLE_IDENTIFIER = com.tsaruggan.euler.eulerapp.eulerkeyboard;
				PRODUCT_NAME = "$(TARGET_NAME)";
				SKIP_INSTALL = YES;
				SWIFT_EMIT_LOC_STRINGS = YES;
				SWIFT_VERSION = 5.0;
				TARGETED_DEVICE_FAMILY = 1;
			};
			name = Debug;
		};
		180376CF2975C86A00200B3A /* Release */ = {
			isa = XCBuildConfiguration;
			buildSettings = {
				CODE_SIGN_STYLE = Automatic;
				CURRENT_PROJECT_VERSION = 1;
				DEVELOPMENT_TEAM = 75AGNXCF5M;
				GENERATE_INFOPLIST_FILE = YES;
				INFOPLIST_FILE = eulerkeyboard/Info.plist;
				INFOPLIST_KEY_CFBundleDisplayName = euler;
				INFOPLIST_KEY_NSHumanReadableCopyright = "";
				LD_RUNPATH_SEARCH_PATHS = (
					"$(inherited)",
					"@executable_path/Frameworks",
					"@executable_path/../../Frameworks",
				);
				MARKETING_VERSION = 1.0;
				PRODUCT_BUNDLE_IDENTIFIER = com.tsaruggan.euler.eulerapp.eulerkeyboard;
				PRODUCT_NAME = "$(TARGET_NAME)";
				SKIP_INSTALL = YES;
				SWIFT_EMIT_LOC_STRINGS = YES;
				SWIFT_VERSION = 5.0;
				TARGETED_DEVICE_FAMILY = 1;
			};
			name = Release;
		};
		1896307A2975C7F0004055AB /* Debug */ = {
			isa = XCBuildConfiguration;
			buildSettings = {
				ALWAYS_SEARCH_USER_PATHS = NO;
				CLANG_ANALYZER_NONNULL = YES;
				CLANG_ANALYZER_NUMBER_OBJECT_CONVERSION = YES_AGGRESSIVE;
				CLANG_CXX_LANGUAGE_STANDARD = "gnu++20";
				CLANG_ENABLE_MODULES = YES;
				CLANG_ENABLE_OBJC_ARC = YES;
				CLANG_ENABLE_OBJC_WEAK = YES;
				CLANG_WARN_BLOCK_CAPTURE_AUTORELEASING = YES;
				CLANG_WARN_BOOL_CONVERSION = YES;
				CLANG_WARN_COMMA = YES;
				CLANG_WARN_CONSTANT_CONVERSION = YES;
				CLANG_WARN_DEPRECATED_OBJC_IMPLEMENTATIONS = YES;
				CLANG_WARN_DIRECT_OBJC_ISA_USAGE = YES_ERROR;
				CLANG_WARN_DOCUMENTATION_COMMENTS = YES;
				CLANG_WARN_EMPTY_BODY = YES;
				CLANG_WARN_ENUM_CONVERSION = YES;
				CLANG_WARN_INFINITE_RECURSION = YES;
				CLANG_WARN_INT_CONVERSION = YES;
				CLANG_WARN_NON_LITERAL_NULL_CONVERSION = YES;
				CLANG_WARN_OBJC_IMPLICIT_RETAIN_SELF = YES;
				CLANG_WARN_OBJC_LITERAL_CONVERSION = YES;
				CLANG_WARN_OBJC_ROOT_CLASS = YES_ERROR;
				CLANG_WARN_QUOTED_INCLUDE_IN_FRAMEWORK_HEADER = YES;
				CLANG_WARN_RANGE_LOOP_ANALYSIS = YES;
				CLANG_WARN_STRICT_PROTOTYPES = YES;
				CLANG_WARN_SUSPICIOUS_MOVE = YES;
				CLANG_WARN_UNGUARDED_AVAILABILITY = YES_AGGRESSIVE;
				CLANG_WARN_UNREACHABLE_CODE = YES;
				CLANG_WARN__DUPLICATE_METHOD_MATCH = YES;
				COPY_PHASE_STRIP = NO;
				DEBUG_INFORMATION_FORMAT = dwarf;
				ENABLE_STRICT_OBJC_MSGSEND = YES;
				ENABLE_TESTABILITY = YES;
				GCC_C_LANGUAGE_STANDARD = gnu11;
				GCC_DYNAMIC_NO_PIC = NO;
				GCC_NO_COMMON_BLOCKS = YES;
				GCC_OPTIMIZATION_LEVEL = 0;
				GCC_PREPROCESSOR_DEFINITIONS = (
					"DEBUG=1",
					"$(inherited)",
				);
				GCC_WARN_64_TO_32_BIT_CONVERSION = YES;
				GCC_WARN_ABOUT_RETURN_TYPE = YES_ERROR;
				GCC_WARN_UNDECLARED_SELECTOR = YES;
				GCC_WARN_UNINITIALIZED_AUTOS = YES_AGGRESSIVE;
				GCC_WARN_UNUSED_FUNCTION = YES;
				GCC_WARN_UNUSED_VARIABLE = YES;
				INFOPLIST_KEY_UISupportedInterfaceOrientations_iPhone = "";
				IPHONEOS_DEPLOYMENT_TARGET = 16.1;
				MTL_ENABLE_DEBUG_INFO = INCLUDE_SOURCE;
				MTL_FAST_MATH = YES;
				ONLY_ACTIVE_ARCH = YES;
				SDKROOT = iphoneos;
				SWIFT_ACTIVE_COMPILATION_CONDITIONS = DEBUG;
				SWIFT_OPTIMIZATION_LEVEL = "-Onone";
				TARGETED_DEVICE_FAMILY = 1;
			};
			name = Debug;
		};
		1896307B2975C7F0004055AB /* Release */ = {
			isa = XCBuildConfiguration;
			buildSettings = {
				ALWAYS_SEARCH_USER_PATHS = NO;
				CLANG_ANALYZER_NONNULL = YES;
				CLANG_ANALYZER_NUMBER_OBJECT_CONVERSION = YES_AGGRESSIVE;
				CLANG_CXX_LANGUAGE_STANDARD = "gnu++20";
				CLANG_ENABLE_MODULES = YES;
				CLANG_ENABLE_OBJC_ARC = YES;
				CLANG_ENABLE_OBJC_WEAK = YES;
				CLANG_WARN_BLOCK_CAPTURE_AUTORELEASING = YES;
				CLANG_WARN_BOOL_CONVERSION = YES;
				CLANG_WARN_COMMA = YES;
				CLANG_WARN_CONSTANT_CONVERSION = YES;
				CLANG_WARN_DEPRECATED_OBJC_IMPLEMENTATIONS = YES;
				CLANG_WARN_DIRECT_OBJC_ISA_USAGE = YES_ERROR;
				CLANG_WARN_DOCUMENTATION_COMMENTS = YES;
				CLANG_WARN_EMPTY_BODY = YES;
				CLANG_WARN_ENUM_CONVERSION = YES;
				CLANG_WARN_INFINITE_RECURSION = YES;
				CLANG_WARN_INT_CONVERSION = YES;
				CLANG_WARN_NON_LITERAL_NULL_CONVERSION = YES;
				CLANG_WARN_OBJC_IMPLICIT_RETAIN_SELF = YES;
				CLANG_WARN_OBJC_LITERAL_CONVERSION = YES;
				CLANG_WARN_OBJC_ROOT_CLASS = YES_ERROR;
				CLANG_WARN_QUOTED_INCLUDE_IN_FRAMEWORK_HEADER = YES;
				CLANG_WARN_RANGE_LOOP_ANALYSIS = YES;
				CLANG_WARN_STRICT_PROTOTYPES = YES;
				CLANG_WARN_SUSPICIOUS_MOVE = YES;
				CLANG_WARN_UNGUARDED_AVAILABILITY = YES_AGGRESSIVE;
				CLANG_WARN_UNREACHABLE_CODE = YES;
				CLANG_WARN__DUPLICATE_METHOD_MATCH = YES;
				COPY_PHASE_STRIP = NO;
				DEBUG_INFORMATION_FORMAT = "dwarf-with-dsym";
				ENABLE_NS_ASSERTIONS = NO;
				ENABLE_STRICT_OBJC_MSGSEND = YES;
				GCC_C_LANGUAGE_STANDARD = gnu11;
				GCC_NO_COMMON_BLOCKS = YES;
				GCC_WARN_64_TO_32_BIT_CONVERSION = YES;
				GCC_WARN_ABOUT_RETURN_TYPE = YES_ERROR;
				GCC_WARN_UNDECLARED_SELECTOR = YES;
				GCC_WARN_UNINITIALIZED_AUTOS = YES_AGGRESSIVE;
				GCC_WARN_UNUSED_FUNCTION = YES;
				GCC_WARN_UNUSED_VARIABLE = YES;
				INFOPLIST_KEY_UISupportedInterfaceOrientations_iPhone = "";
				IPHONEOS_DEPLOYMENT_TARGET = 16.1;
				MTL_ENABLE_DEBUG_INFO = NO;
				MTL_FAST_MATH = YES;
				SDKROOT = iphoneos;
				SWIFT_COMPILATION_MODE = wholemodule;
				SWIFT_OPTIMIZATION_LEVEL = "-O";
				VALIDATE_PRODUCT = YES;
			};
			name = Release;
		};
		1896307D2975C7F0004055AB /* Debug */ = {
			isa = XCBuildConfiguration;
			buildSettings = {
				ALWAYS_EMBED_SWIFT_STANDARD_LIBRARIES = YES;
				ASSETCATALOG_COMPILER_APPICON_NAME = AppIcon;
				ASSETCATALOG_COMPILER_GLOBAL_ACCENT_COLOR_NAME = AccentColor;
				CODE_SIGN_STYLE = Automatic;
				CURRENT_PROJECT_VERSION = 1;
				DEVELOPMENT_ASSET_PATHS = "";
				DEVELOPMENT_TEAM = 75AGNXCF5M;
				ENABLE_PREVIEWS = YES;
				GENERATE_INFOPLIST_FILE = YES;
				INFOPLIST_KEY_CFBundleDisplayName = euler;
				INFOPLIST_KEY_UIApplicationSceneManifest_Generation = YES;
				INFOPLIST_KEY_UIApplicationSupportsIndirectInputEvents = YES;
				INFOPLIST_KEY_UILaunchScreen_Generation = YES;
				INFOPLIST_KEY_UISupportedInterfaceOrientations_iPad = "UIInterfaceOrientationPortrait UIInterfaceOrientationPortraitUpsideDown UIInterfaceOrientationLandscapeLeft UIInterfaceOrientationLandscapeRight";
				INFOPLIST_KEY_UISupportedInterfaceOrientations_iPhone = UIInterfaceOrientationPortrait;
				LD_RUNPATH_SEARCH_PATHS = (
					"$(inherited)",
					"@executable_path/Frameworks",
				);
				MARKETING_VERSION = 1.0;
				PRODUCT_BUNDLE_IDENTIFIER = com.tsaruggan.euler.eulerapp;
				PRODUCT_NAME = "$(TARGET_NAME)";
				SUPPORTED_PLATFORMS = "iphoneos iphonesimulator";
				SUPPORTS_MACCATALYST = NO;
				SUPPORTS_MAC_DESIGNED_FOR_IPHONE_IPAD = NO;
				SWIFT_EMIT_LOC_STRINGS = YES;
				SWIFT_VERSION = 5.0;
				TARGETED_DEVICE_FAMILY = 1;
			};
			name = Debug;
		};
		1896307E2975C7F0004055AB /* Release */ = {
			isa = XCBuildConfiguration;
			buildSettings = {
				ALWAYS_EMBED_SWIFT_STANDARD_LIBRARIES = YES;
				ASSETCATALOG_COMPILER_APPICON_NAME = AppIcon;
				ASSETCATALOG_COMPILER_GLOBAL_ACCENT_COLOR_NAME = AccentColor;
				CODE_SIGN_STYLE = Automatic;
				CURRENT_PROJECT_VERSION = 1;
				DEVELOPMENT_ASSET_PATHS = "";
				DEVELOPMENT_TEAM = 75AGNXCF5M;
				ENABLE_PREVIEWS = YES;
				GENERATE_INFOPLIST_FILE = YES;
				INFOPLIST_KEY_CFBundleDisplayName = euler;
				INFOPLIST_KEY_UIApplicationSceneManifest_Generation = YES;
				INFOPLIST_KEY_UIApplicationSupportsIndirectInputEvents = YES;
				INFOPLIST_KEY_UILaunchScreen_Generation = YES;
				INFOPLIST_KEY_UISupportedInterfaceOrientations_iPad = "UIInterfaceOrientationPortrait UIInterfaceOrientationPortraitUpsideDown UIInterfaceOrientationLandscapeLeft UIInterfaceOrientationLandscapeRight";
				INFOPLIST_KEY_UISupportedInterfaceOrientations_iPhone = UIInterfaceOrientationPortrait;
				LD_RUNPATH_SEARCH_PATHS = (
					"$(inherited)",
					"@executable_path/Frameworks",
				);
				MARKETING_VERSION = 1.0;
				PRODUCT_BUNDLE_IDENTIFIER = com.tsaruggan.euler.eulerapp;
				PRODUCT_NAME = "$(TARGET_NAME)";
				SUPPORTED_PLATFORMS = "iphoneos iphonesimulator";
				SUPPORTS_MACCATALYST = NO;
				SUPPORTS_MAC_DESIGNED_FOR_IPHONE_IPAD = NO;
				SWIFT_EMIT_LOC_STRINGS = YES;
				SWIFT_VERSION = 5.0;
				TARGETED_DEVICE_FAMILY = 1;
			};
			name = Release;
		};
/* End XCBuildConfiguration section */

/* Begin XCConfigurationList section */
		180376D02975C86A00200B3A /* Build configuration list for PBXNativeTarget "eulerkeyboard" */ = {
			isa = XCConfigurationList;
			buildConfigurations = (
				180376CE2975C86A00200B3A /* Debug */,
				180376CF2975C86A00200B3A /* Release */,
			);
			defaultConfigurationIsVisible = 0;
			defaultConfigurationName = Release;
		};
		189630692975C7EF004055AB /* Build configuration list for PBXProject "euler" */ = {
			isa = XCConfigurationList;
			buildConfigurations = (
				1896307A2975C7F0004055AB /* Debug */,
				1896307B2975C7F0004055AB /* Release */,
			);
			defaultConfigurationIsVisible = 0;
			defaultConfigurationName = Release;
		};
		1896307C2975C7F0004055AB /* Build configuration list for PBXNativeTarget "euler" */ = {
			isa = XCConfigurationList;
			buildConfigurations = (
				1896307D2975C7F0004055AB /* Debug */,
				1896307E2975C7F0004055AB /* Release */,
			);
			defaultConfigurationIsVisible = 0;
			defaultConfigurationName = Release;
		};
/* End XCConfigurationList section */

/* Begin XCRemoteSwiftPackageReference section */
		18D817BD297619F2003A0711 /* XCRemoteSwiftPackageReference "KeyboardKit" */ = {
			isa = XCRemoteSwiftPackageReference;
			repositoryURL = "https://github.com/KeyboardKit/KeyboardKit.git";
			requirement = {
				kind = upToNextMajorVersion;
				minimumVersion = 6.0.0;
			};
		};
/* End XCRemoteSwiftPackageReference section */

/* Begin XCSwiftPackageProductDependency section */
		18D817BE297619F2003A0711 /* KeyboardKit */ = {
			isa = XCSwiftPackageProductDependency;
			package = 18D817BD297619F2003A0711 /* XCRemoteSwiftPackageReference "KeyboardKit" */;
			productName = KeyboardKit;
		};
/* End XCSwiftPackageProductDependency section */
	};
	rootObject = 189630662975C7EF004055AB /* Project object */;
}
