// !$*UTF8*$!
{
	archiveVersion = 1;
	classes = {
	};
	objectVersion = 56;
	objects = {

/* Begin PBXBuildFile section */
		180376C82975C86A00200B3A /* KeyboardViewController.swift in Sources */ = {isa = PBXBuildFile; fileRef = 180376C72975C86A00200B3A /* KeyboardViewController.swift */; };
		180376CC2975C86A00200B3A /* textmathkeyboard.appex in Embed Foundation Extensions */ = {isa = PBXBuildFile; fileRef = 180376C52975C86A00200B3A /* textmathkeyboard.appex */; settings = {ATTRIBUTES = (RemoveHeadersOnCopy, ); }; };
		181FB20C2978CEB30016F3F7 /* TMInputSetProvider.swift in Sources */ = {isa = PBXBuildFile; fileRef = 181FB20B2978CEB30016F3F7 /* TMInputSetProvider.swift */; };
		181FB20E2978CFDD0016F3F7 /* TMCalloutActionProvider.swift in Sources */ = {isa = PBXBuildFile; fileRef = 181FB20D2978CFDD0016F3F7 /* TMCalloutActionProvider.swift */; };
		181FB2102978E0F70016F3F7 /* TMKeyboardAppearance.swift in Sources */ = {isa = PBXBuildFile; fileRef = 181FB20F2978E0F70016F3F7 /* TMKeyboardAppearance.swift */; };
		183A35EB297DBAE300856219 /* TMEmojiCategory.swift in Sources */ = {isa = PBXBuildFile; fileRef = 183A35EA297DBAE300856219 /* TMEmojiCategory.swift */; };
		1864AAE8297DABE20072F02F /* TMEmojiKeyboard.swift in Sources */ = {isa = PBXBuildFile; fileRef = 1864AAE7297DABE20072F02F /* TMEmojiKeyboard.swift */; };
		188F7C2329804A81006072E7 /* TMEmojiKeyboardMenuView.swift in Sources */ = {isa = PBXBuildFile; fileRef = 188F7C2229804A81006072E7 /* TMEmojiKeyboardMenuView.swift */; };
		189630722975C7EF004055AB /* textmathappApp.swift in Sources */ = {isa = PBXBuildFile; fileRef = 189630712975C7EF004055AB /* textmathappApp.swift */; };
		189630742975C7EF004055AB /* ContentView.swift in Sources */ = {isa = PBXBuildFile; fileRef = 189630732975C7EF004055AB /* ContentView.swift */; };
		189630762975C7F0004055AB /* Assets.xcassets in Resources */ = {isa = PBXBuildFile; fileRef = 189630752975C7F0004055AB /* Assets.xcassets */; };
		189630792975C7F0004055AB /* Preview Assets.xcassets in Resources */ = {isa = PBXBuildFile; fileRef = 189630782975C7F0004055AB /* Preview Assets.xcassets */; };
		18D817BF297619F2003A0711 /* KeyboardKit in Frameworks */ = {isa = PBXBuildFile; productRef = 18D817BE297619F2003A0711 /* KeyboardKit */; };
		18D817C129761AE5003A0711 /* KeyboardView.swift in Sources */ = {isa = PBXBuildFile; fileRef = 18D817C029761AE5003A0711 /* KeyboardView.swift */; };
/* End PBXBuildFile section */

/* Begin PBXContainerItemProxy section */
		180376CA2975C86A00200B3A /* PBXContainerItemProxy */ = {
			isa = PBXContainerItemProxy;
			containerPortal = 189630662975C7EF004055AB /* Project object */;
			proxyType = 1;
			remoteGlobalIDString = 180376C42975C86A00200B3A;
			remoteInfo = textmathkeyboard;
		};
/* End PBXContainerItemProxy section */

/* Begin PBXCopyFilesBuildPhase section */
		180376CD2975C86A00200B3A /* Embed Foundation Extensions */ = {
			isa = PBXCopyFilesBuildPhase;
			buildActionMask = 2147483647;
			dstPath = "";
			dstSubfolderSpec = 13;
			files = (
				180376CC2975C86A00200B3A /* textmathkeyboard.appex in Embed Foundation Extensions */,
			);
			name = "Embed Foundation Extensions";
			runOnlyForDeploymentPostprocessing = 0;
		};
/* End PBXCopyFilesBuildPhase section */

/* Begin PBXFileReference section */
		180376C52975C86A00200B3A /* textmathkeyboard.appex */ = {isa = PBXFileReference; explicitFileType = "wrapper.app-extension"; includeInIndex = 0; path = textmathkeyboard.appex; sourceTree = BUILT_PRODUCTS_DIR; };
		180376C72975C86A00200B3A /* KeyboardViewController.swift */ = {isa = PBXFileReference; lastKnownFileType = sourcecode.swift; path = KeyboardViewController.swift; sourceTree = "<group>"; };
		180376C92975C86A00200B3A /* Info.plist */ = {isa = PBXFileReference; lastKnownFileType = text.plist.xml; path = Info.plist; sourceTree = "<group>"; };
		181FB20B2978CEB30016F3F7 /* TMInputSetProvider.swift */ = {isa = PBXFileReference; lastKnownFileType = sourcecode.swift; path = TMInputSetProvider.swift; sourceTree = "<group>"; };
		181FB20D2978CFDD0016F3F7 /* TMCalloutActionProvider.swift */ = {isa = PBXFileReference; lastKnownFileType = sourcecode.swift; path = TMCalloutActionProvider.swift; sourceTree = "<group>"; };
		181FB20F2978E0F70016F3F7 /* TMKeyboardAppearance.swift */ = {isa = PBXFileReference; lastKnownFileType = sourcecode.swift; path = TMKeyboardAppearance.swift; sourceTree = "<group>"; };
		183A35EA297DBAE300856219 /* TMEmojiCategory.swift */ = {isa = PBXFileReference; lastKnownFileType = sourcecode.swift; path = TMEmojiCategory.swift; sourceTree = "<group>"; };
		1864AAE7297DABE20072F02F /* TMEmojiKeyboard.swift */ = {isa = PBXFileReference; lastKnownFileType = sourcecode.swift; path = TMEmojiKeyboard.swift; sourceTree = "<group>"; };
		188F7C2229804A81006072E7 /* TMEmojiKeyboardMenuView.swift */ = {isa = PBXFileReference; lastKnownFileType = sourcecode.swift; path = TMEmojiKeyboardMenuView.swift; sourceTree = "<group>"; };
		1896306E2975C7EF004055AB /* textmath.app */ = {isa = PBXFileReference; explicitFileType = wrapper.application; includeInIndex = 0; path = textmath.app; sourceTree = BUILT_PRODUCTS_DIR; };
		189630712975C7EF004055AB /* textmathappApp.swift */ = {isa = PBXFileReference; lastKnownFileType = sourcecode.swift; path = textmathappApp.swift; sourceTree = "<group>"; };
		189630732975C7EF004055AB /* ContentView.swift */ = {isa = PBXFileReference; lastKnownFileType = sourcecode.swift; path = ContentView.swift; sourceTree = "<group>"; };
		189630752975C7F0004055AB /* Assets.xcassets */ = {isa = PBXFileReference; lastKnownFileType = folder.assetcatalog; path = Assets.xcassets; sourceTree = "<group>"; };
		189630782975C7F0004055AB /* Preview Assets.xcassets */ = {isa = PBXFileReference; lastKnownFileType = folder.assetcatalog; path = "Preview Assets.xcassets"; sourceTree = "<group>"; };
		18D817C029761AE5003A0711 /* KeyboardView.swift */ = {isa = PBXFileReference; lastKnownFileType = sourcecode.swift; path = KeyboardView.swift; sourceTree = "<group>"; };
/* End PBXFileReference section */

/* Begin PBXFrameworksBuildPhase section */
		180376C22975C86A00200B3A /* Frameworks */ = {
			isa = PBXFrameworksBuildPhase;
			buildActionMask = 2147483647;
			files = (
				18D817BF297619F2003A0711 /* KeyboardKit in Frameworks */,
			);
			runOnlyForDeploymentPostprocessing = 0;
		};
		1896306B2975C7EF004055AB /* Frameworks */ = {
			isa = PBXFrameworksBuildPhase;
			buildActionMask = 2147483647;
			files = (
			);
			runOnlyForDeploymentPostprocessing = 0;
		};
/* End PBXFrameworksBuildPhase section */

/* Begin PBXGroup section */
		180376C62975C86A00200B3A /* textmathkeyboard */ = {
			isa = PBXGroup;
			children = (
				188F7C2529804AE8006072E7 /* input */,
				188F7C2429804AAF006072E7 /* emoji */,
				180376C72975C86A00200B3A /* KeyboardViewController.swift */,
				181FB20F2978E0F70016F3F7 /* TMKeyboardAppearance.swift */,
				180376C92975C86A00200B3A /* Info.plist */,
				18D817C029761AE5003A0711 /* KeyboardView.swift */,
			);
			path = textmathkeyboard;
			sourceTree = "<group>";
		};
		188F7C2429804AAF006072E7 /* emoji */ = {
			isa = PBXGroup;
			children = (
				1864AAE7297DABE20072F02F /* TMEmojiKeyboard.swift */,
				188F7C2229804A81006072E7 /* TMEmojiKeyboardMenuView.swift */,
				183A35EA297DBAE300856219 /* TMEmojiCategory.swift */,
			);
			path = emoji;
			sourceTree = "<group>";
		};
		188F7C2529804AE8006072E7 /* input */ = {
			isa = PBXGroup;
			children = (
				181FB20D2978CFDD0016F3F7 /* TMCalloutActionProvider.swift */,
				181FB20B2978CEB30016F3F7 /* TMInputSetProvider.swift */,
			);
			path = input;
			sourceTree = "<group>";
		};
		189630652975C7EF004055AB = {
			isa = PBXGroup;
			children = (
				189630702975C7EF004055AB /* textmathapp */,
				180376C62975C86A00200B3A /* textmathkeyboard */,
				1896306F2975C7EF004055AB /* Products */,
			);
			sourceTree = "<group>";
		};
		1896306F2975C7EF004055AB /* Products */ = {
			isa = PBXGroup;
			children = (
				1896306E2975C7EF004055AB /* textmath.app */,
				180376C52975C86A00200B3A /* textmathkeyboard.appex */,
			);
			name = Products;
			sourceTree = "<group>";
		};
		189630702975C7EF004055AB /* textmathapp */ = {
			isa = PBXGroup;
			children = (
				189630712975C7EF004055AB /* textmathappApp.swift */,
				189630732975C7EF004055AB /* ContentView.swift */,
				189630752975C7F0004055AB /* Assets.xcassets */,
				189630772975C7F0004055AB /* Preview Content */,
			);
			path = textmathapp;
			sourceTree = "<group>";
		};
		189630772975C7F0004055AB /* Preview Content */ = {
			isa = PBXGroup;
			children = (
				189630782975C7F0004055AB /* Preview Assets.xcassets */,
			);
			path = "Preview Content";
			sourceTree = "<group>";
		};
/* End PBXGroup section */

/* Begin PBXNativeTarget section */
		180376C42975C86A00200B3A /* textmathkeyboard */ = {
			isa = PBXNativeTarget;
			buildConfigurationList = 180376D02975C86A00200B3A /* Build configuration list for PBXNativeTarget "textmathkeyboard" */;
			buildPhases = (
				180376C12975C86A00200B3A /* Sources */,
				180376C22975C86A00200B3A /* Frameworks */,
				180376C32975C86A00200B3A /* Resources */,
			);
			buildRules = (
			);
			dependencies = (
			);
			name = textmathkeyboard;
			packageProductDependencies = (
				18D817BE297619F2003A0711 /* KeyboardKit */,
			);
			productName = textmathkeyboard;
			productReference = 180376C52975C86A00200B3A /* textmathkeyboard.appex */;
			productType = "com.apple.product-type.app-extension";
		};
		1896306D2975C7EF004055AB /* textmath */ = {
			isa = PBXNativeTarget;
			buildConfigurationList = 1896307C2975C7F0004055AB /* Build configuration list for PBXNativeTarget "textmath" */;
			buildPhases = (
				1896306A2975C7EF004055AB /* Sources */,
				1896306B2975C7EF004055AB /* Frameworks */,
				1896306C2975C7EF004055AB /* Resources */,
				180376CD2975C86A00200B3A /* Embed Foundation Extensions */,
			);
			buildRules = (
			);
			dependencies = (
				180376CB2975C86A00200B3A /* PBXTargetDependency */,
			);
			name = textmath;
			packageProductDependencies = (
			);
			productName = textmathapp;
			productReference = 1896306E2975C7EF004055AB /* textmath.app */;
			productType = "com.apple.product-type.application";
		};
/* End PBXNativeTarget section */

/* Begin PBXProject section */
		189630662975C7EF004055AB /* Project object */ = {
			isa = PBXProject;
			attributes = {
				BuildIndependentTargetsInParallel = 1;
				LastSwiftUpdateCheck = 1410;
				LastUpgradeCheck = 1410;
				TargetAttributes = {
					180376C42975C86A00200B3A = {
						CreatedOnToolsVersion = 14.1;
					};
					1896306D2975C7EF004055AB = {
						CreatedOnToolsVersion = 14.1;
					};
				};
			};
			buildConfigurationList = 189630692975C7EF004055AB /* Build configuration list for PBXProject "textmath" */;
			compatibilityVersion = "Xcode 14.0";
			developmentRegion = en;
			hasScannedForEncodings = 0;
			knownRegions = (
				en,
				Base,
			);
			mainGroup = 189630652975C7EF004055AB;
			packageReferences = (
				18D817BD297619F2003A0711 /* XCRemoteSwiftPackageReference "KeyboardKit" */,
			);
			productRefGroup = 1896306F2975C7EF004055AB /* Products */;
			projectDirPath = "";
			projectRoot = "";
			targets = (
				1896306D2975C7EF004055AB /* textmath */,
				180376C42975C86A00200B3A /* textmathkeyboard */,
			);
		};
/* End PBXProject section */

/* Begin PBXResourcesBuildPhase section */
		180376C32975C86A00200B3A /* Resources */ = {
			isa = PBXResourcesBuildPhase;
			buildActionMask = 2147483647;
			files = (
			);
			runOnlyForDeploymentPostprocessing = 0;
		};
		1896306C2975C7EF004055AB /* Resources */ = {
			isa = PBXResourcesBuildPhase;
			buildActionMask = 2147483647;
			files = (
				189630792975C7F0004055AB /* Preview Assets.xcassets in Resources */,
				189630762975C7F0004055AB /* Assets.xcassets in Resources */,
			);
			runOnlyForDeploymentPostprocessing = 0;
		};
/* End PBXResourcesBuildPhase section */

/* Begin PBXSourcesBuildPhase section */
		180376C12975C86A00200B3A /* Sources */ = {
			isa = PBXSourcesBuildPhase;
			buildActionMask = 2147483647;
			files = (
				180376C82975C86A00200B3A /* KeyboardViewController.swift in Sources */,
				181FB2102978E0F70016F3F7 /* TMKeyboardAppearance.swift in Sources */,
				1864AAE8297DABE20072F02F /* TMEmojiKeyboard.swift in Sources */,
				181FB20C2978CEB30016F3F7 /* TMInputSetProvider.swift in Sources */,
				183A35EB297DBAE300856219 /* TMEmojiCategory.swift in Sources */,
				181FB20E2978CFDD0016F3F7 /* TMCalloutActionProvider.swift in Sources */,
				188F7C2329804A81006072E7 /* TMEmojiKeyboardMenuView.swift in Sources */,
				18D817C129761AE5003A0711 /* KeyboardView.swift in Sources */,
			);
			runOnlyForDeploymentPostprocessing = 0;
		};
		1896306A2975C7EF004055AB /* Sources */ = {
			isa = PBXSourcesBuildPhase;
			buildActionMask = 2147483647;
			files = (
				189630742975C7EF004055AB /* ContentView.swift in Sources */,
				189630722975C7EF004055AB /* textmathappApp.swift in Sources */,
			);
			runOnlyForDeploymentPostprocessing = 0;
		};
/* End PBXSourcesBuildPhase section */

/* Begin PBXTargetDependency section */
		180376CB2975C86A00200B3A /* PBXTargetDependency */ = {
			isa = PBXTargetDependency;
			target = 180376C42975C86A00200B3A /* textmathkeyboard */;
			targetProxy = 180376CA2975C86A00200B3A /* PBXContainerItemProxy */;
		};
/* End PBXTargetDependency section */

/* Begin XCBuildConfiguration section */
		180376CE2975C86A00200B3A /* Debug */ = {
			isa = XCBuildConfiguration;
			buildSettings = {
				CODE_SIGN_STYLE = Automatic;
				CURRENT_PROJECT_VERSION = 1;
				DEVELOPMENT_TEAM = 75AGNXCF5M;
				GENERATE_INFOPLIST_FILE = YES;
				INFOPLIST_FILE = textmathkeyboard/Info.plist;
				INFOPLIST_KEY_CFBundleDisplayName = textmath;
				INFOPLIST_KEY_NSHumanReadableCopyright = "";
				LD_RUNPATH_SEARCH_PATHS = (
					"$(inherited)",
					"@executable_path/Frameworks",
					"@executable_path/../../Frameworks",
				);
				MARKETING_VERSION = 1.0;
				PRODUCT_BUNDLE_IDENTIFIER = com.tsaruggan.textmath.textmathapp.textmathkeyboard;
				PRODUCT_NAME = "$(TARGET_NAME)";
				SKIP_INSTALL = YES;
				SWIFT_EMIT_LOC_STRINGS = YES;
				SWIFT_VERSION = 5.0;
				TARGETED_DEVICE_FAMILY = "1,2";
			};
			name = Debug;
		};
		180376CF2975C86A00200B3A /* Release */ = {
			isa = XCBuildConfiguration;
			buildSettings = {
				CODE_SIGN_STYLE = Automatic;
				CURRENT_PROJECT_VERSION = 1;
				DEVELOPMENT_TEAM = 75AGNXCF5M;
				GENERATE_INFOPLIST_FILE = YES;
				INFOPLIST_FILE = textmathkeyboard/Info.plist;
				INFOPLIST_KEY_CFBundleDisplayName = textmath;
				INFOPLIST_KEY_NSHumanReadableCopyright = "";
				LD_RUNPATH_SEARCH_PATHS = (
					"$(inherited)",
					"@executable_path/Frameworks",
					"@executable_path/../../Frameworks",
				);
				MARKETING_VERSION = 1.0;
				PRODUCT_BUNDLE_IDENTIFIER = com.tsaruggan.textmath.textmathapp.textmathkeyboard;
				PRODUCT_NAME = "$(TARGET_NAME)";
				SKIP_INSTALL = YES;
				SWIFT_EMIT_LOC_STRINGS = YES;
				SWIFT_VERSION = 5.0;
				TARGETED_DEVICE_FAMILY = "1,2";
			};
			name = Release;
		};
		1896307A2975C7F0004055AB /* Debug */ = {
			isa = XCBuildConfiguration;
			buildSettings = {
				ALWAYS_SEARCH_USER_PATHS = NO;
				CLANG_ANALYZER_NONNULL = YES;
				CLANG_ANALYZER_NUMBER_OBJECT_CONVERSION = YES_AGGRESSIVE;
				CLANG_CXX_LANGUAGE_STANDARD = "gnu++20";
				CLANG_ENABLE_MODULES = YES;
				CLANG_ENABLE_OBJC_ARC = YES;
				CLANG_ENABLE_OBJC_WEAK = YES;
				CLANG_WARN_BLOCK_CAPTURE_AUTORELEASING = YES;
				CLANG_WARN_BOOL_CONVERSION = YES;
				CLANG_WARN_COMMA = YES;
				CLANG_WARN_CONSTANT_CONVERSION = YES;
				CLANG_WARN_DEPRECATED_OBJC_IMPLEMENTATIONS = YES;
				CLANG_WARN_DIRECT_OBJC_ISA_USAGE = YES_ERROR;
				CLANG_WARN_DOCUMENTATION_COMMENTS = YES;
				CLANG_WARN_EMPTY_BODY = YES;
				CLANG_WARN_ENUM_CONVERSION = YES;
				CLANG_WARN_INFINITE_RECURSION = YES;
				CLANG_WARN_INT_CONVERSION = YES;
				CLANG_WARN_NON_LITERAL_NULL_CONVERSION = YES;
				CLANG_WARN_OBJC_IMPLICIT_RETAIN_SELF = YES;
				CLANG_WARN_OBJC_LITERAL_CONVERSION = YES;
				CLANG_WARN_OBJC_ROOT_CLASS = YES_ERROR;
				CLANG_WARN_QUOTED_INCLUDE_IN_FRAMEWORK_HEADER = YES;
				CLANG_WARN_RANGE_LOOP_ANALYSIS = YES;
				CLANG_WARN_STRICT_PROTOTYPES = YES;
				CLANG_WARN_SUSPICIOUS_MOVE = YES;
				CLANG_WARN_UNGUARDED_AVAILABILITY = YES_AGGRESSIVE;
				CLANG_WARN_UNREACHABLE_CODE = YES;
				CLANG_WARN__DUPLICATE_METHOD_MATCH = YES;
				COPY_PHASE_STRIP = NO;
				DEBUG_INFORMATION_FORMAT = dwarf;
				ENABLE_STRICT_OBJC_MSGSEND = YES;
				ENABLE_TESTABILITY = YES;
				GCC_C_LANGUAGE_STANDARD = gnu11;
				GCC_DYNAMIC_NO_PIC = NO;
				GCC_NO_COMMON_BLOCKS = YES;
				GCC_OPTIMIZATION_LEVEL = 0;
				GCC_PREPROCESSOR_DEFINITIONS = (
					"DEBUG=1",
					"$(inherited)",
				);
				GCC_WARN_64_TO_32_BIT_CONVERSION = YES;
				GCC_WARN_ABOUT_RETURN_TYPE = YES_ERROR;
				GCC_WARN_UNDECLARED_SELECTOR = YES;
				GCC_WARN_UNINITIALIZED_AUTOS = YES_AGGRESSIVE;
				GCC_WARN_UNUSED_FUNCTION = YES;
				GCC_WARN_UNUSED_VARIABLE = YES;
				IPHONEOS_DEPLOYMENT_TARGET = 16.1;
				MTL_ENABLE_DEBUG_INFO = INCLUDE_SOURCE;
				MTL_FAST_MATH = YES;
				ONLY_ACTIVE_ARCH = YES;
				SDKROOT = iphoneos;
				SWIFT_ACTIVE_COMPILATION_CONDITIONS = DEBUG;
				SWIFT_OPTIMIZATION_LEVEL = "-Onone";
			};
			name = Debug;
		};
		1896307B2975C7F0004055AB /* Release */ = {
			isa = XCBuildConfiguration;
			buildSettings = {
				ALWAYS_SEARCH_USER_PATHS = NO;
				CLANG_ANALYZER_NONNULL = YES;
				CLANG_ANALYZER_NUMBER_OBJECT_CONVERSION = YES_AGGRESSIVE;
				CLANG_CXX_LANGUAGE_STANDARD = "gnu++20";
				CLANG_ENABLE_MODULES = YES;
				CLANG_ENABLE_OBJC_ARC = YES;
				CLANG_ENABLE_OBJC_WEAK = YES;
				CLANG_WARN_BLOCK_CAPTURE_AUTORELEASING = YES;
				CLANG_WARN_BOOL_CONVERSION = YES;
				CLANG_WARN_COMMA = YES;
				CLANG_WARN_CONSTANT_CONVERSION = YES;
				CLANG_WARN_DEPRECATED_OBJC_IMPLEMENTATIONS = YES;
				CLANG_WARN_DIRECT_OBJC_ISA_USAGE = YES_ERROR;
				CLANG_WARN_DOCUMENTATION_COMMENTS = YES;
				CLANG_WARN_EMPTY_BODY = YES;
				CLANG_WARN_ENUM_CONVERSION = YES;
				CLANG_WARN_INFINITE_RECURSION = YES;
				CLANG_WARN_INT_CONVERSION = YES;
				CLANG_WARN_NON_LITERAL_NULL_CONVERSION = YES;
				CLANG_WARN_OBJC_IMPLICIT_RETAIN_SELF = YES;
				CLANG_WARN_OBJC_LITERAL_CONVERSION = YES;
				CLANG_WARN_OBJC_ROOT_CLASS = YES_ERROR;
				CLANG_WARN_QUOTED_INCLUDE_IN_FRAMEWORK_HEADER = YES;
				CLANG_WARN_RANGE_LOOP_ANALYSIS = YES;
				CLANG_WARN_STRICT_PROTOTYPES = YES;
				CLANG_WARN_SUSPICIOUS_MOVE = YES;
				CLANG_WARN_UNGUARDED_AVAILABILITY = YES_AGGRESSIVE;
				CLANG_WARN_UNREACHABLE_CODE = YES;
				CLANG_WARN__DUPLICATE_METHOD_MATCH = YES;
				COPY_PHASE_STRIP = NO;
				DEBUG_INFORMATION_FORMAT = "dwarf-with-dsym";
				ENABLE_NS_ASSERTIONS = NO;
				ENABLE_STRICT_OBJC_MSGSEND = YES;
				GCC_C_LANGUAGE_STANDARD = gnu11;
				GCC_NO_COMMON_BLOCKS = YES;
				GCC_WARN_64_TO_32_BIT_CONVERSION = YES;
				GCC_WARN_ABOUT_RETURN_TYPE = YES_ERROR;
				GCC_WARN_UNDECLARED_SELECTOR = YES;
				GCC_WARN_UNINITIALIZED_AUTOS = YES_AGGRESSIVE;
				GCC_WARN_UNUSED_FUNCTION = YES;
				GCC_WARN_UNUSED_VARIABLE = YES;
				IPHONEOS_DEPLOYMENT_TARGET = 16.1;
				MTL_ENABLE_DEBUG_INFO = NO;
				MTL_FAST_MATH = YES;
				SDKROOT = iphoneos;
				SWIFT_COMPILATION_MODE = wholemodule;
				SWIFT_OPTIMIZATION_LEVEL = "-O";
				VALIDATE_PRODUCT = YES;
			};
			name = Release;
		};
		1896307D2975C7F0004055AB /* Debug */ = {
			isa = XCBuildConfiguration;
			buildSettings = {
				ALWAYS_EMBED_SWIFT_STANDARD_LIBRARIES = YES;
				ASSETCATALOG_COMPILER_APPICON_NAME = AppIcon;
				ASSETCATALOG_COMPILER_GLOBAL_ACCENT_COLOR_NAME = AccentColor;
				CODE_SIGN_STYLE = Automatic;
				CURRENT_PROJECT_VERSION = 1;
				DEVELOPMENT_ASSET_PATHS = "\"textmathapp/Preview Content\"";
				DEVELOPMENT_TEAM = 75AGNXCF5M;
				ENABLE_PREVIEWS = YES;
				GENERATE_INFOPLIST_FILE = YES;
				INFOPLIST_KEY_UIApplicationSceneManifest_Generation = YES;
				INFOPLIST_KEY_UIApplicationSupportsIndirectInputEvents = YES;
				INFOPLIST_KEY_UILaunchScreen_Generation = YES;
				INFOPLIST_KEY_UISupportedInterfaceOrientations_iPad = "UIInterfaceOrientationPortrait UIInterfaceOrientationPortraitUpsideDown UIInterfaceOrientationLandscapeLeft UIInterfaceOrientationLandscapeRight";
				INFOPLIST_KEY_UISupportedInterfaceOrientations_iPhone = "UIInterfaceOrientationPortrait UIInterfaceOrientationLandscapeLeft UIInterfaceOrientationLandscapeRight";
				LD_RUNPATH_SEARCH_PATHS = (
					"$(inherited)",
					"@executable_path/Frameworks",
				);
				MARKETING_VERSION = 1.0;
				PRODUCT_BUNDLE_IDENTIFIER = com.tsaruggan.textmath.textmathapp;
				PRODUCT_NAME = "$(TARGET_NAME)";
				SWIFT_EMIT_LOC_STRINGS = YES;
				SWIFT_VERSION = 5.0;
				TARGETED_DEVICE_FAMILY = "1,2";
			};
			name = Debug;
		};
		1896307E2975C7F0004055AB /* Release */ = {
			isa = XCBuildConfiguration;
			buildSettings = {
				ALWAYS_EMBED_SWIFT_STANDARD_LIBRARIES = YES;
				ASSETCATALOG_COMPILER_APPICON_NAME = AppIcon;
				ASSETCATALOG_COMPILER_GLOBAL_ACCENT_COLOR_NAME = AccentColor;
				CODE_SIGN_STYLE = Automatic;
				CURRENT_PROJECT_VERSION = 1;
				DEVELOPMENT_ASSET_PATHS = "\"textmathapp/Preview Content\"";
				DEVELOPMENT_TEAM = 75AGNXCF5M;
				ENABLE_PREVIEWS = YES;
				GENERATE_INFOPLIST_FILE = YES;
				INFOPLIST_KEY_UIApplicationSceneManifest_Generation = YES;
				INFOPLIST_KEY_UIApplicationSupportsIndirectInputEvents = YES;
				INFOPLIST_KEY_UILaunchScreen_Generation = YES;
				INFOPLIST_KEY_UISupportedInterfaceOrientations_iPad = "UIInterfaceOrientationPortrait UIInterfaceOrientationPortraitUpsideDown UIInterfaceOrientationLandscapeLeft UIInterfaceOrientationLandscapeRight";
				INFOPLIST_KEY_UISupportedInterfaceOrientations_iPhone = "UIInterfaceOrientationPortrait UIInterfaceOrientationLandscapeLeft UIInterfaceOrientationLandscapeRight";
				LD_RUNPATH_SEARCH_PATHS = (
					"$(inherited)",
					"@executable_path/Frameworks",
				);
				MARKETING_VERSION = 1.0;
				PRODUCT_BUNDLE_IDENTIFIER = com.tsaruggan.textmath.textmathapp;
				PRODUCT_NAME = "$(TARGET_NAME)";
				SWIFT_EMIT_LOC_STRINGS = YES;
				SWIFT_VERSION = 5.0;
				TARGETED_DEVICE_FAMILY = "1,2";
			};
			name = Release;
		};
/* End XCBuildConfiguration section */

/* Begin XCConfigurationList section */
		180376D02975C86A00200B3A /* Build configuration list for PBXNativeTarget "textmathkeyboard" */ = {
			isa = XCConfigurationList;
			buildConfigurations = (
				180376CE2975C86A00200B3A /* Debug */,
				180376CF2975C86A00200B3A /* Release */,
			);
			defaultConfigurationIsVisible = 0;
			defaultConfigurationName = Release;
		};
		189630692975C7EF004055AB /* Build configuration list for PBXProject "textmath" */ = {
			isa = XCConfigurationList;
			buildConfigurations = (
				1896307A2975C7F0004055AB /* Debug */,
				1896307B2975C7F0004055AB /* Release */,
			);
			defaultConfigurationIsVisible = 0;
			defaultConfigurationName = Release;
		};
		1896307C2975C7F0004055AB /* Build configuration list for PBXNativeTarget "textmath" */ = {
			isa = XCConfigurationList;
			buildConfigurations = (
				1896307D2975C7F0004055AB /* Debug */,
				1896307E2975C7F0004055AB /* Release */,
			);
			defaultConfigurationIsVisible = 0;
			defaultConfigurationName = Release;
		};
/* End XCConfigurationList section */

/* Begin XCRemoteSwiftPackageReference section */
		18D817BD297619F2003A0711 /* XCRemoteSwiftPackageReference "KeyboardKit" */ = {
			isa = XCRemoteSwiftPackageReference;
			repositoryURL = "https://github.com/KeyboardKit/KeyboardKit.git";
			requirement = {
				kind = upToNextMajorVersion;
				minimumVersion = 6.0.0;
			};
		};
/* End XCRemoteSwiftPackageReference section */

/* Begin XCSwiftPackageProductDependency section */
		18D817BE297619F2003A0711 /* KeyboardKit */ = {
			isa = XCSwiftPackageProductDependency;
			package = 18D817BD297619F2003A0711 /* XCRemoteSwiftPackageReference "KeyboardKit" */;
			productName = KeyboardKit;
		};
/* End XCSwiftPackageProductDependency section */
	};
	rootObject = 189630662975C7EF004055AB /* Project object */;
}
